<?xml version="1.0" encoding="utf-8"?>
<Project ToolsVersion="4.0" xmlns="http://schemas.microsoft.com/developer/msbuild/2003">
  <ItemGroup>
    <Filter Include="Source Files">
      <UniqueIdentifier>{4FC737F1-C7A5-4376-A066-2A32D752A2FF}</UniqueIdentifier>
      <Extensions>cpp;c;cxx;def;odl;idl;hpj;bat;asm;asmx</Extensions>
    </Filter>
    <Filter Include="Header Files">
      <UniqueIdentifier>{93995380-89BD-4b04-88EB-625FBE52EBFB}</UniqueIdentifier>
      <Extensions>h;hpp;hxx;hm;inl;inc;xsd</Extensions>
    </Filter>
    <Filter Include="Resource Files">
      <UniqueIdentifier>{67DA6AB6-F800-4c08-8B7A-83BB121AAD01}</UniqueIdentifier>
      <Extensions>rc;ico;cur;bmp;dlg;rc2;rct;bin;rgs;gif;jpg;jpeg;jpe;resx</Extensions>
    </Filter>
  </ItemGroup>
  <ItemGroup>
    <ClCompile Include="..\arabic.c">
      <Filter>Source Files</Filter>
    </ClCompile>
    <ClCompile Include="..\bufed.c">
      <Filter>Source Files</Filter>
    </ClCompile>
    <ClCompile Include="..\buffer.c">
      <Filter>Source Files</Filter>
    </ClCompile>
    <ClCompile Include="..\charset.c">
      <Filter>Source Files</Filter>
    </ClCompile>
    <ClCompile Include="..\charset_table.c">
      <Filter>Source Files</Filter>
    </ClCompile>
    <ClCompile Include="..\charsetmore.c">
      <Filter>Source Files</Filter>
    </ClCompile>
    <ClCompile Include="..\clang.c">
      <Filter>Source Files</Filter>
    </ClCompile>
    <ClCompile Include="..\libqhtml\css.c">
      <Filter>Source Files</Filter>
    </ClCompile>
    <ClCompile Include="..\libqhtml\cssparse.c">
      <Filter>Source Files</Filter>
    </ClCompile>
    <ClCompile Include="..\cutils.c">
      <Filter>Source Files</Filter>
    </ClCompile>
    <ClCompile Include="..\dired.c">
      <Filter>Source Files</Filter>
    </ClCompile>
    <ClCompile Include="..\display.c">
      <Filter>Source Files</Filter>
    </ClCompile>
    <ClCompile Include="..\hex.c">
      <Filter>Source Files</Filter>
    </ClCompile>
    <ClCompile Include="..\html.c">
      <Filter>Source Files</Filter>
    </ClCompile>
    <ClCompile Include="..\libqhtml\html_style.c">
      <Filter>Source Files</Filter>
    </ClCompile>
    <ClCompile Include="..\indic.c">
      <Filter>Source Files</Filter>
    </ClCompile>
    <ClCompile Include="..\input.c">
      <Filter>Source Files</Filter>
    </ClCompile>
    <ClCompile Include="..\json.c">
      <Filter>Source Files</Filter>
    </ClCompile>
    <ClCompile Include="..\list.c">
      <Filter>Source Files</Filter>
    </ClCompile>
    <ClCompile Include="..\qe.c">
      <Filter>Source Files</Filter>
    </ClCompile>
    <ClCompile Include="..\qfribidi.c">
      <Filter>Source Files</Filter>
    </ClCompile>
    <ClCompile Include="..\strbuf.c">
      <Filter>Source Files</Filter>
    </ClCompile>
    <ClCompile Include="..\unicode_join.c">
      <Filter>Source Files</Filter>
    </ClCompile>
    <ClCompile Include="..\unihex.c">
      <Filter>Source Files</Filter>
    </ClCompile>
    <ClCompile Include="..\util.c">
      <Filter>Source Files</Filter>
    </ClCompile>
    <ClCompile Include="..\win32.c">
      <Filter>Source Files</Filter>
    </ClCompile>
    <ClCompile Include="..\xml.c">
      <Filter>Source Files</Filter>
    </ClCompile>
    <ClCompile Include="..\libqhtml\xmlparse.c">
      <Filter>Source Files</Filter>
    </ClCompile>
    <ClCompile Include="..\pages.cc">
      <Filter>Source Files</Filter>
    </ClCompile>
  </ItemGroup>
  <ItemGroup>
    <ClInclude Include="..\config.h">
      <Filter>Header Files</Filter>
    </ClInclude>
    <ClInclude Include="..\libqhtml\css.h">
      <Filter>Header Files</Filter>
    </ClInclude>
    <ClInclude Include="..\libqhtml\cssid.h">
      <Filter>Header Files</Filter>
    </ClInclude>
    <ClInclude Include="..\cutils.h">
      <Filter>Header Files</Filter>
    </ClInclude>
    <ClInclude Include="..\display.h">
      <Filter>Header Files</Filter>
    </ClInclude>
    <ClInclude Include="..\libqhtml\htmlent.h">
      <Filter>Header Files</Filter>
    </ClInclude>
    <ClInclude Include="..\json-config.h">
      <Filter>Header Files</Filter>
    </ClInclude>
    <ClInclude Include="..\json.h">
      <Filter>Header Files</Filter>
    </ClInclude>
    <ClInclude Include="..\qe.h">
      <Filter>Header Files</Filter>
    </ClInclude>
    <ClInclude Include="..\qeconfig.h">
      <Filter>Header Files</Filter>
    </ClInclude>
    <ClInclude Include="..\qestyles.h">
      <Filter>Header Files</Filter>
    </ClInclude>
    <ClInclude Include="..\qfribidi.h">
      <Filter>Header Files</Filter>
    </ClInclude>
    <ClInclude Include="..\strbuf.h">
      <Filter>Header Files</Filter>
    </ClInclude>
    <ClInclude Include="..\buffer.h">
      <Filter>Header Files</Filter>
    </ClInclude>
    <ClInclude Include="..\cfb.h">
      <Filter>Header Files</Filter>
    </ClInclude>
    <ClInclude Include="..\config_msvc.h">
      <Filter>Header Files</Filter>
    </ClInclude>
    <ClInclude Include="..\fbfrender.h">
      <Filter>Header Files</Filter>
    </ClInclude>
    <ClInclude Include="..\libfbf.h">
      <Filter>Header Files</Filter>
    </ClInclude>
    <ClInclude Include="..\qestyles-old.h">
      <Filter>Header Files</Filter>
    </ClInclude>
  </ItemGroup>
  <ItemGroup>
    <None Include="..\todo.txt" />
  </ItemGroup>
</Project>