Microsoft Visual Studio Solution File, Format Version 8.00
Project("{8BC9CEB8-8B4A-11D0-8D11-00A0C91BC942}") = "qemacs", "qemacs.vcproj", "{CC0B1034-54A7-46FE-A779-1A5FDD5F1386}"
	ProjectSection(ProjectDependencies) = postProject
	EndProjectSection
EndProject
Global
	GlobalSection(SolutionConfiguration) = preSolution
		Debug = Debug
		Release = Release
	EndGlobalSection
	GlobalSection(ProjectConfiguration) = postSolution
		{CC0B1034-54A7-46FE-A779-1A5FDD5F1386}.Debug.ActiveCfg = Debug|Win32
		{CC0B1034-54A7-46FE-A779-1A5FDD5F1386}.Debug.Build.0 = Debug|Win32
		{CC0B1034-54A7-46FE-A779-1A5FDD5F1386}.Release.ActiveCfg = Release|Win32
		{CC0B1034-54A7-46FE-A779-1A5FDD5F1386}.Release.Build.0 = Release|Win32
	EndGlobalSection
	GlobalSection(ExtensibilityGlobals) = postSolution
	EndGlobalSection
	GlobalSection(ExtensibilityAddIns) = postSolution
	EndGlobalSection
EndGlobal
